
Microsoft Visual Studio Solution File, Format Version 12.00
# Visual Studio Version 16
VisualStudioVersion = 16.0.29519.87
MinimumVisualStudioVersion = 10.0.40219.1
Project("{9A19103F-16F7-4668-BE54-9A1E7A4F7556}") = "BidOneAssessment.Api", "BidOneAssessment.Api\BidOneAssessment.Api.csproj", "{7B9F7F62-2AB8-4CCA-BCE8-4C05C8C4796A}"
EndProject
Project("{9A19103F-16F7-4668-BE54-9A1E7A4F7556}") = "BidOneAssessment.Application", "BidOneAssessment.Application\BidOneAssessment.Application.csproj", "{E2030FF8-B49E-4A3E-A874-FA6831DC035E}"
EndProject
Project("{9A19103F-16F7-4668-BE54-9A1E7A4F7556}") = "BidOneAssessment.Infrastructure", "BidOneAssessment.Infrastructure\BidOneAssessment.Infrastructure.csproj", "{0FB283FF-919A-405B-8BE3-07FEDF58146B}"
EndProject
Project("{9A19103F-16F7-4668-BE54-9A1E7A4F7556}") = "BidOneAssessment.Domain", "BidOneAssessment.Domain\BidOneAssessment.Domain.csproj", "{220A7641-658B-4873-9A20-92AD0A40B18E}"
EndProject
Project("{2150E333-8FDC-42A3-9474-1A3956D46DE8}") = "1- InterfaceLayer", "1- InterfaceLayer", "{3D30F25F-5FA4-42A9-AA03-EB2E55656CAE}"
EndProject
Project("{2150E333-8FDC-42A3-9474-1A3956D46DE8}") = "2.1-ApplicationLayer", "2.1-ApplicationLayer", "{E0585773-C2A5-447B-A02B-76514669772F}"
EndProject
Project("{2150E333-8FDC-42A3-9474-1A3956D46DE8}") = "2.2-InfrastructureLayer", "2.2-InfrastructureLayer", "{B8BD2014-502F-42F5-988C-BCCA8ACA62D8}"
EndProject
Project("{2150E333-8FDC-42A3-9474-1A3956D46DE8}") = "2.3-DomainLayer", "2.3-DomainLayer", "{EFFEA776-AB10-457C-9BBA-0A51A5BD9576}"
EndProject
Project("{2150E333-8FDC-42A3-9474-1A3956D46DE8}") = "2.4-CoreLayer", "2.4-CoreLayer", "{50DBF96D-68D5-43C4-AC7E-2748BE0910B1}"
EndProject
Project("{9A19103F-16F7-4668-BE54-9A1E7A4F7556}") = "BidOneAssessment.Core", "BidOneAssessment.Core\BidOneAssessment.Core.csproj", "{615EFBBE-5D7F-4BE6-9F96-0E1035B1E0A7}"
EndProject
Project("{2150E333-8FDC-42A3-9474-1A3956D46DE8}") = "2- CommandSide", "2- CommandSide", "{A7700BA8-4750-4F05-9E93-94AC754023EE}"
EndProject
Project("{2150E333-8FDC-42A3-9474-1A3956D46DE8}") = "3- QuerySide", "3- QuerySide", "{135EAD70-C2FA-4AB5-AB74-AA639F33B6BD}"
EndProject
Project("{9A19103F-16F7-4668-BE54-9A1E7A4F7556}") = "BidOneAssessment.QuerySide", "BidOneAssessment.QuerySide\BidOneAssessment.QuerySide.csproj", "{B1B71D81-6C39-4BA9-B064-5DFECAC35CF8}"
EndProject
Project("{E53339B2-1760-4266-BCC7-CA923CBCF16C}") = "docker-compose", "docker-compose.dcproj", "{E6DC4C4D-0DA8-4957-A9E5-9303F13C3134}"
EndProject
Global
	GlobalSection(SolutionConfigurationPlatforms) = preSolution
		Debug|Any CPU = Debug|Any CPU
		Release|Any CPU = Release|Any CPU
	EndGlobalSection
	GlobalSection(ProjectConfigurationPlatforms) = postSolution
		{7B9F7F62-2AB8-4CCA-BCE8-4C05C8C4796A}.Debug|Any CPU.ActiveCfg = Debug|Any CPU
		{7B9F7F62-2AB8-4CCA-BCE8-4C05C8C4796A}.Debug|Any CPU.Build.0 = Debug|Any CPU
		{7B9F7F62-2AB8-4CCA-BCE8-4C05C8C4796A}.Release|Any CPU.ActiveCfg = Release|Any CPU
		{7B9F7F62-2AB8-4CCA-BCE8-4C05C8C4796A}.Release|Any CPU.Build.0 = Release|Any CPU
		{E2030FF8-B49E-4A3E-A874-FA6831DC035E}.Debug|Any CPU.ActiveCfg = Debug|Any CPU
		{E2030FF8-B49E-4A3E-A874-FA6831DC035E}.Debug|Any CPU.Build.0 = Debug|Any CPU
		{E2030FF8-B49E-4A3E-A874-FA6831DC035E}.Release|Any CPU.ActiveCfg = Release|Any CPU
		{E2030FF8-B49E-4A3E-A874-FA6831DC035E}.Release|Any CPU.Build.0 = Release|Any CPU
		{0FB283FF-919A-405B-8BE3-07FEDF58146B}.Debug|Any CPU.ActiveCfg = Debug|Any CPU
		{0FB283FF-919A-405B-8BE3-07FEDF58146B}.Debug|Any CPU.Build.0 = Debug|Any CPU
		{0FB283FF-919A-405B-8BE3-07FEDF58146B}.Release|Any CPU.ActiveCfg = Release|Any CPU
		{0FB283FF-919A-405B-8BE3-07FEDF58146B}.Release|Any CPU.Build.0 = Release|Any CPU
		{220A7641-658B-4873-9A20-92AD0A40B18E}.Debug|Any CPU.ActiveCfg = Debug|Any CPU
		{220A7641-658B-4873-9A20-92AD0A40B18E}.Debug|Any CPU.Build.0 = Debug|Any CPU
		{220A7641-658B-4873-9A20-92AD0A40B18E}.Release|Any CPU.ActiveCfg = Release|Any CPU
		{220A7641-658B-4873-9A20-92AD0A40B18E}.Release|Any CPU.Build.0 = Release|Any CPU
		{615EFBBE-5D7F-4BE6-9F96-0E1035B1E0A7}.Debug|Any CPU.ActiveCfg = Debug|Any CPU
		{615EFBBE-5D7F-4BE6-9F96-0E1035B1E0A7}.Debug|Any CPU.Build.0 = Debug|Any CPU
		{615EFBBE-5D7F-4BE6-9F96-0E1035B1E0A7}.Release|Any CPU.ActiveCfg = Release|Any CPU
		{615EFBBE-5D7F-4BE6-9F96-0E1035B1E0A7}.Release|Any CPU.Build.0 = Release|Any CPU
		{B1B71D81-6C39-4BA9-B064-5DFECAC35CF8}.Debug|Any CPU.ActiveCfg = Debug|Any CPU
		{B1B71D81-6C39-4BA9-B064-5DFECAC35CF8}.Debug|Any CPU.Build.0 = Debug|Any CPU
		{B1B71D81-6C39-4BA9-B064-5DFECAC35CF8}.Release|Any CPU.ActiveCfg = Release|Any CPU
		{B1B71D81-6C39-4BA9-B064-5DFECAC35CF8}.Release|Any CPU.Build.0 = Release|Any CPU
		{E6DC4C4D-0DA8-4957-A9E5-9303F13C3134}.Debug|Any CPU.ActiveCfg = Debug|Any CPU
		{E6DC4C4D-0DA8-4957-A9E5-9303F13C3134}.Debug|Any CPU.Build.0 = Debug|Any CPU
		{E6DC4C4D-0DA8-4957-A9E5-9303F13C3134}.Release|Any CPU.ActiveCfg = Release|Any CPU
		{E6DC4C4D-0DA8-4957-A9E5-9303F13C3134}.Release|Any CPU.Build.0 = Release|Any CPU
	EndGlobalSection
	GlobalSection(SolutionProperties) = preSolution
		HideSolutionNode = FALSE
	EndGlobalSection
	GlobalSection(NestedProjects) = preSolution
		{7B9F7F62-2AB8-4CCA-BCE8-4C05C8C4796A} = {3D30F25F-5FA4-42A9-AA03-EB2E55656CAE}
		{E2030FF8-B49E-4A3E-A874-FA6831DC035E} = {E0585773-C2A5-447B-A02B-76514669772F}
		{0FB283FF-919A-405B-8BE3-07FEDF58146B} = {B8BD2014-502F-42F5-988C-BCCA8ACA62D8}
		{220A7641-658B-4873-9A20-92AD0A40B18E} = {EFFEA776-AB10-457C-9BBA-0A51A5BD9576}
		{E0585773-C2A5-447B-A02B-76514669772F} = {A7700BA8-4750-4F05-9E93-94AC754023EE}
		{B8BD2014-502F-42F5-988C-BCCA8ACA62D8} = {A7700BA8-4750-4F05-9E93-94AC754023EE}
		{EFFEA776-AB10-457C-9BBA-0A51A5BD9576} = {A7700BA8-4750-4F05-9E93-94AC754023EE}
		{50DBF96D-68D5-43C4-AC7E-2748BE0910B1} = {A7700BA8-4750-4F05-9E93-94AC754023EE}
		{615EFBBE-5D7F-4BE6-9F96-0E1035B1E0A7} = {50DBF96D-68D5-43C4-AC7E-2748BE0910B1}
		{B1B71D81-6C39-4BA9-B064-5DFECAC35CF8} = {135EAD70-C2FA-4AB5-AB74-AA639F33B6BD}
	EndGlobalSection
	GlobalSection(ExtensibilityGlobals) = postSolution
		SolutionGuid = {DEF6A880-1C27-4F49-A823-95B571E0516A}
	EndGlobalSection
EndGlobal
